
Microsoft Visual Studio Solution File, Format Version 12.00
# Visual Studio 15
Project("{FAE04EC0-301F-11D3-BF4B-00C04F79EFBC}") = "Assembly-CSharp", "Assembly-CSharp.csproj", "{89020DCA-326C-04D9-2DC5-5AD625CA65E8}"
EndProject
Project("{FAE04EC0-301F-11D3-BF4B-00C04F79EFBC}") = "PathCreator", "PathCreator.csproj", "{492837A9-6A37-48A9-E5E7-576F2C6F444E}"
EndProject
Project("{FAE04EC0-301F-11D3-BF4B-00C04F79EFBC}") = "Assembly-CSharp-firstpass", "Assembly-CSharp-firstpass.csproj", "{8D5F40A6-6BD5-6D04-A2E0-85D4534262D5}"
EndProject
Project("{FAE04EC0-301F-11D3-BF4B-00C04F79EFBC}") = "PathCreatorEditor", "PathCreatorEditor.csproj", "{8EE3C7BB-B34B-E72E-DD17-29DAE307EDA5}"
EndProject
Project("{FAE04EC0-301F-11D3-BF4B-00C04F79EFBC}") = "Assembly-CSharp-Editor", "Assembly-CSharp-Editor.csproj", "{28008928-17A0-31B7-D1C2-23364C4E980E}"
EndProject
Global
	GlobalSection(SolutionConfigurationPlatforms) = preSolution
		Debug|Any CPU = Debug|Any CPU
		Release|Any CPU = Release|Any CPU
	EndGlobalSection
	GlobalSection(ProjectConfigurationPlatforms) = postSolution
		{89020DCA-326C-04D9-2DC5-5AD625CA65E8}.Debug|Any CPU.ActiveCfg = Debug|Any CPU
		{89020DCA-326C-04D9-2DC5-5AD625CA65E8}.Debug|Any CPU.Build.0 = Debug|Any CPU
		{89020DCA-326C-04D9-2DC5-5AD625CA65E8}.Release|Any CPU.ActiveCfg = Release|Any CPU
		{89020DCA-326C-04D9-2DC5-5AD625CA65E8}.Release|Any CPU.Build.0 = Release|Any CPU
		{492837A9-6A37-48A9-E5E7-576F2C6F444E}.Debug|Any CPU.ActiveCfg = Debug|Any CPU
		{492837A9-6A37-48A9-E5E7-576F2C6F444E}.Debug|Any CPU.Build.0 = Debug|Any CPU
		{492837A9-6A37-48A9-E5E7-576F2C6F444E}.Release|Any CPU.ActiveCfg = Release|Any CPU
		{492837A9-6A37-48A9-E5E7-576F2C6F444E}.Release|Any CPU.Build.0 = Release|Any CPU
		{8D5F40A6-6BD5-6D04-A2E0-85D4534262D5}.Debug|Any CPU.ActiveCfg = Debug|Any CPU
		{8D5F40A6-6BD5-6D04-A2E0-85D4534262D5}.Debug|Any CPU.Build.0 = Debug|Any CPU
		{8D5F40A6-6BD5-6D04-A2E0-85D4534262D5}.Release|Any CPU.ActiveCfg = Release|Any CPU
		{8D5F40A6-6BD5-6D04-A2E0-85D4534262D5}.Release|Any CPU.Build.0 = Release|Any CPU
		{8EE3C7BB-B34B-E72E-DD17-29DAE307EDA5}.Debug|Any CPU.ActiveCfg = Debug|Any CPU
		{8EE3C7BB-B34B-E72E-DD17-29DAE307EDA5}.Debug|Any CPU.Build.0 = Debug|Any CPU
		{8EE3C7BB-B34B-E72E-DD17-29DAE307EDA5}.Release|Any CPU.ActiveCfg = Release|Any CPU
		{8EE3C7BB-B34B-E72E-DD17-29DAE307EDA5}.Release|Any CPU.Build.0 = Release|Any CPU
		{28008928-17A0-31B7-D1C2-23364C4E980E}.Debug|Any CPU.ActiveCfg = Debug|Any CPU
		{28008928-17A0-31B7-D1C2-23364C4E980E}.Debug|Any CPU.Build.0 = Debug|Any CPU
		{28008928-17A0-31B7-D1C2-23364C4E980E}.Release|Any CPU.ActiveCfg = Release|Any CPU
		{28008928-17A0-31B7-D1C2-23364C4E980E}.Release|Any CPU.Build.0 = Release|Any CPU
	EndGlobalSection
	GlobalSection(SolutionProperties) = preSolution
		HideSolutionNode = FALSE
	EndGlobalSection
EndGlobal
